
Microsoft Visual Studio Solution File, Format Version 12.00
# Visual Studio Version 16
VisualStudioVersion = 16.0.31624.102
MinimumVisualStudioVersion = 10.0.40219.1
Project("{FAE04EC0-301F-11D3-BF4B-00C04F79EFBC}") = "SharpTriStrip", "SharpTriStrip\SharpTriStrip.csproj", "{1449E30E-3544-468F-9DBE-8B1B3FDB9D7D}"
EndProject
Project("{FAE04EC0-301F-11D3-BF4B-00C04F79EFBC}") = "SharpTriStrip.Tests", "SharpTriStrip.Tests\SharpTriStrip.Tests.csproj", "{944907D7-634C-4C97-9EB9-94F9B183C866}"
EndProject
Global
	GlobalSection(SolutionConfigurationPlatforms) = preSolution
		Debug|Any CPU = Debug|Any CPU
		Release|Any CPU = Release|Any CPU
	EndGlobalSection
	GlobalSection(ProjectConfigurationPlatforms) = postSolution
		{1449E30E-3544-468F-9DBE-8B1B3FDB9D7D}.Debug|Any CPU.ActiveCfg = Debug|Any CPU
		{1449E30E-3544-468F-9DBE-8B1B3FDB9D7D}.Debug|Any CPU.Build.0 = Debug|Any CPU
		{1449E30E-3544-468F-9DBE-8B1B3FDB9D7D}.Release|Any CPU.ActiveCfg = Release|Any CPU
		{1449E30E-3544-468F-9DBE-8B1B3FDB9D7D}.Release|Any CPU.Build.0 = Release|Any CPU
		{944907D7-634C-4C97-9EB9-94F9B183C866}.Debug|Any CPU.ActiveCfg = Debug|Any CPU
		{944907D7-634C-4C97-9EB9-94F9B183C866}.Debug|Any CPU.Build.0 = Debug|Any CPU
		{944907D7-634C-4C97-9EB9-94F9B183C866}.Release|Any CPU.ActiveCfg = Release|Any CPU
		{944907D7-634C-4C97-9EB9-94F9B183C866}.Release|Any CPU.Build.0 = Release|Any CPU
	EndGlobalSection
	GlobalSection(SolutionProperties) = preSolution
		HideSolutionNode = FALSE
	EndGlobalSection
	GlobalSection(ExtensibilityGlobals) = postSolution
		SolutionGuid = {45776F5B-E737-46A5-A7FD-52964EFD28C4}
	EndGlobalSection
EndGlobal
